
Microsoft Visual Studio Solution File, Format Version 12.00
# Visual Studio 15
VisualStudioVersion = 15.0.28307.168
MinimumVisualStudioVersion = 10.0.40219.1
Project("{FAE04EC0-301F-11D3-BF4B-00C04F79EFBC}") = "AIApp.Android", "AIApp\AIApp.Android\AIApp.Android.csproj", "{DCB4D81D-F588-4868-847E-42CC40716A9A}"
EndProject
Project("{FAE04EC0-301F-11D3-BF4B-00C04F79EFBC}") = "AIApp.iOS", "AIApp\AIApp.iOS\AIApp.iOS.csproj", "{CCF0D832-3F46-4A75-B99F-B98ACB8683B0}"
EndProject
Project("{FAE04EC0-301F-11D3-BF4B-00C04F79EFBC}") = "AIApp.UWP", "AIApp\AIApp.UWP\AIApp.UWP.csproj", "{EA99EC3F-8E6A-410E-929C-13E1ACA915BF}"
EndProject
Project("{9A19103F-16F7-4668-BE54-9A1E7A4F7556}") = "AIApp", "AIApp\AIApp\AIApp.csproj", "{D321DA82-A59A-4F33-9953-CA9E0463FB25}"
EndProject
Global
	GlobalSection(SolutionConfigurationPlatforms) = preSolution
		Ad-Hoc|Any CPU = Ad-Hoc|Any CPU
		Ad-Hoc|ARM = Ad-Hoc|ARM
		Ad-Hoc|iPhone = Ad-Hoc|iPhone
		Ad-Hoc|iPhoneSimulator = Ad-Hoc|iPhoneSimulator
		Ad-Hoc|x64 = Ad-Hoc|x64
		Ad-Hoc|x86 = Ad-Hoc|x86
		AppStore|Any CPU = AppStore|Any CPU
		AppStore|ARM = AppStore|ARM
		AppStore|iPhone = AppStore|iPhone
		AppStore|iPhoneSimulator = AppStore|iPhoneSimulator
		AppStore|x64 = AppStore|x64
		AppStore|x86 = AppStore|x86
		Debug|Any CPU = Debug|Any CPU
		Debug|ARM = Debug|ARM
		Debug|iPhone = Debug|iPhone
		Debug|iPhoneSimulator = Debug|iPhoneSimulator
		Debug|x64 = Debug|x64
		Debug|x86 = Debug|x86
		Release|Any CPU = Release|Any CPU
		Release|ARM = Release|ARM
		Release|iPhone = Release|iPhone
		Release|iPhoneSimulator = Release|iPhoneSimulator
		Release|x64 = Release|x64
		Release|x86 = Release|x86
	EndGlobalSection
	GlobalSection(ProjectConfigurationPlatforms) = postSolution
		{DCB4D81D-F588-4868-847E-42CC40716A9A}.Ad-Hoc|Any CPU.ActiveCfg = Release|Any CPU
		{DCB4D81D-F588-4868-847E-42CC40716A9A}.Ad-Hoc|Any CPU.Build.0 = Release|Any CPU
		{DCB4D81D-F588-4868-847E-42CC40716A9A}.Ad-Hoc|Any CPU.Deploy.0 = Release|Any CPU
		{DCB4D81D-F588-4868-847E-42CC40716A9A}.Ad-Hoc|ARM.ActiveCfg = Release|Any CPU
		{DCB4D81D-F588-4868-847E-42CC40716A9A}.Ad-Hoc|ARM.Build.0 = Release|Any CPU
		{DCB4D81D-F588-4868-847E-42CC40716A9A}.Ad-Hoc|ARM.Deploy.0 = Release|Any CPU
		{DCB4D81D-F588-4868-847E-42CC40716A9A}.Ad-Hoc|iPhone.ActiveCfg = Release|Any CPU
		{DCB4D81D-F588-4868-847E-42CC40716A9A}.Ad-Hoc|iPhone.Build.0 = Release|Any CPU
		{DCB4D81D-F588-4868-847E-42CC40716A9A}.Ad-Hoc|iPhone.Deploy.0 = Release|Any CPU
		{DCB4D81D-F588-4868-847E-42CC40716A9A}.Ad-Hoc|iPhoneSimulator.ActiveCfg = Release|Any CPU
		{DCB4D81D-F588-4868-847E-42CC40716A9A}.Ad-Hoc|iPhoneSimulator.Build.0 = Release|Any CPU
		{DCB4D81D-F588-4868-847E-42CC40716A9A}.Ad-Hoc|iPhoneSimulator.Deploy.0 = Release|Any CPU
		{DCB4D81D-F588-4868-847E-42CC40716A9A}.Ad-Hoc|x64.ActiveCfg = Release|Any CPU
		{DCB4D81D-F588-4868-847E-42CC40716A9A}.Ad-Hoc|x64.Build.0 = Release|Any CPU
		{DCB4D81D-F588-4868-847E-42CC40716A9A}.Ad-Hoc|x64.Deploy.0 = Release|Any CPU
		{DCB4D81D-F588-4868-847E-42CC40716A9A}.Ad-Hoc|x86.ActiveCfg = Release|Any CPU
		{DCB4D81D-F588-4868-847E-42CC40716A9A}.Ad-Hoc|x86.Build.0 = Release|Any CPU
		{DCB4D81D-F588-4868-847E-42CC40716A9A}.Ad-Hoc|x86.Deploy.0 = Release|Any CPU
		{DCB4D81D-F588-4868-847E-42CC40716A9A}.AppStore|Any CPU.ActiveCfg = Release|Any CPU
		{DCB4D81D-F588-4868-847E-42CC40716A9A}.AppStore|Any CPU.Build.0 = Release|Any CPU
		{DCB4D81D-F588-4868-847E-42CC40716A9A}.AppStore|Any CPU.Deploy.0 = Release|Any CPU
		{DCB4D81D-F588-4868-847E-42CC40716A9A}.AppStore|ARM.ActiveCfg = Release|Any CPU
		{DCB4D81D-F588-4868-847E-42CC40716A9A}.AppStore|ARM.Build.0 = Release|Any CPU
		{DCB4D81D-F588-4868-847E-42CC40716A9A}.AppStore|ARM.Deploy.0 = Release|Any CPU
		{DCB4D81D-F588-4868-847E-42CC40716A9A}.AppStore|iPhone.ActiveCfg = Release|Any CPU
		{DCB4D81D-F588-4868-847E-42CC40716A9A}.AppStore|iPhone.Build.0 = Release|Any CPU
		{DCB4D81D-F588-4868-847E-42CC40716A9A}.AppStore|iPhone.Deploy.0 = Release|Any CPU
		{DCB4D81D-F588-4868-847E-42CC40716A9A}.AppStore|iPhoneSimulator.ActiveCfg = Release|Any CPU
		{DCB4D81D-F588-4868-847E-42CC40716A9A}.AppStore|iPhoneSimulator.Build.0 = Release|Any CPU
		{DCB4D81D-F588-4868-847E-42CC40716A9A}.AppStore|iPhoneSimulator.Deploy.0 = Release|Any CPU
		{DCB4D81D-F588-4868-847E-42CC40716A9A}.AppStore|x64.ActiveCfg = Release|Any CPU
		{DCB4D81D-F588-4868-847E-42CC40716A9A}.AppStore|x64.Build.0 = Release|Any CPU
		{DCB4D81D-F588-4868-847E-42CC40716A9A}.AppStore|x64.Deploy.0 = Release|Any CPU
		{DCB4D81D-F588-4868-847E-42CC40716A9A}.AppStore|x86.ActiveCfg = Release|Any CPU
		{DCB4D81D-F588-4868-847E-42CC40716A9A}.AppStore|x86.Build.0 = Release|Any CPU
		{DCB4D81D-F588-4868-847E-42CC40716A9A}.AppStore|x86.Deploy.0 = Release|Any CPU
		{DCB4D81D-F588-4868-847E-42CC40716A9A}.Debug|Any CPU.ActiveCfg = Debug|Any CPU
		{DCB4D81D-F588-4868-847E-42CC40716A9A}.Debug|Any CPU.Build.0 = Debug|Any CPU
		{DCB4D81D-F588-4868-847E-42CC40716A9A}.Debug|Any CPU.Deploy.0 = Debug|Any CPU
		{DCB4D81D-F588-4868-847E-42CC40716A9A}.Debug|ARM.ActiveCfg = Debug|Any CPU
		{DCB4D81D-F588-4868-847E-42CC40716A9A}.Debug|ARM.Build.0 = Debug|Any CPU
		{DCB4D81D-F588-4868-847E-42CC40716A9A}.Debug|ARM.Deploy.0 = Debug|Any CPU
		{DCB4D81D-F588-4868-847E-42CC40716A9A}.Debug|iPhone.ActiveCfg = Debug|Any CPU
		{DCB4D81D-F588-4868-847E-42CC40716A9A}.Debug|iPhone.Build.0 = Debug|Any CPU
		{DCB4D81D-F588-4868-847E-42CC40716A9A}.Debug|iPhone.Deploy.0 = Debug|Any CPU
		{DCB4D81D-F588-4868-847E-42CC40716A9A}.Debug|iPhoneSimulator.ActiveCfg = Debug|Any CPU
		{DCB4D81D-F588-4868-847E-42CC40716A9A}.Debug|iPhoneSimulator.Build.0 = Debug|Any CPU
		{DCB4D81D-F588-4868-847E-42CC40716A9A}.Debug|iPhoneSimulator.Deploy.0 = Debug|Any CPU
		{DCB4D81D-F588-4868-847E-42CC40716A9A}.Debug|x64.ActiveCfg = Debug|Any CPU
		{DCB4D81D-F588-4868-847E-42CC40716A9A}.Debug|x64.Build.0 = Debug|Any CPU
		{DCB4D81D-F588-4868-847E-42CC40716A9A}.Debug|x64.Deploy.0 = Debug|Any CPU
		{DCB4D81D-F588-4868-847E-42CC40716A9A}.Debug|x86.ActiveCfg = Debug|Any CPU
		{DCB4D81D-F588-4868-847E-42CC40716A9A}.Debug|x86.Build.0 = Debug|Any CPU
		{DCB4D81D-F588-4868-847E-42CC40716A9A}.Debug|x86.Deploy.0 = Debug|Any CPU
		{DCB4D81D-F588-4868-847E-42CC40716A9A}.Release|Any CPU.ActiveCfg = Release|Any CPU
		{DCB4D81D-F588-4868-847E-42CC40716A9A}.Release|Any CPU.Build.0 = Release|Any CPU
		{DCB4D81D-F588-4868-847E-42CC40716A9A}.Release|Any CPU.Deploy.0 = Release|Any CPU
		{DCB4D81D-F588-4868-847E-42CC40716A9A}.Release|ARM.ActiveCfg = Release|Any CPU
		{DCB4D81D-F588-4868-847E-42CC40716A9A}.Release|ARM.Build.0 = Release|Any CPU
		{DCB4D81D-F588-4868-847E-42CC40716A9A}.Release|ARM.Deploy.0 = Release|Any CPU
		{DCB4D81D-F588-4868-847E-42CC40716A9A}.Release|iPhone.ActiveCfg = Release|Any CPU
		{DCB4D81D-F588-4868-847E-42CC40716A9A}.Release|iPhone.Build.0 = Release|Any CPU
		{DCB4D81D-F588-4868-847E-42CC40716A9A}.Release|iPhone.Deploy.0 = Release|Any CPU
		{DCB4D81D-F588-4868-847E-42CC40716A9A}.Release|iPhoneSimulator.ActiveCfg = Release|Any CPU
		{DCB4D81D-F588-4868-847E-42CC40716A9A}.Release|iPhoneSimulator.Build.0 = Release|Any CPU
		{DCB4D81D-F588-4868-847E-42CC40716A9A}.Release|iPhoneSimulator.Deploy.0 = Release|Any CPU
		{DCB4D81D-F588-4868-847E-42CC40716A9A}.Release|x64.ActiveCfg = Release|Any CPU
		{DCB4D81D-F588-4868-847E-42CC40716A9A}.Release|x64.Build.0 = Release|Any CPU
		{DCB4D81D-F588-4868-847E-42CC40716A9A}.Release|x64.Deploy.0 = Release|Any CPU
		{DCB4D81D-F588-4868-847E-42CC40716A9A}.Release|x86.ActiveCfg = Release|Any CPU
		{DCB4D81D-F588-4868-847E-42CC40716A9A}.Release|x86.Build.0 = Release|Any CPU
		{DCB4D81D-F588-4868-847E-42CC40716A9A}.Release|x86.Deploy.0 = Release|Any CPU
		{CCF0D832-3F46-4A75-B99F-B98ACB8683B0}.Ad-Hoc|Any CPU.ActiveCfg = Ad-Hoc|iPhone
		{CCF0D832-3F46-4A75-B99F-B98ACB8683B0}.Ad-Hoc|Any CPU.Build.0 = Ad-Hoc|iPhone
		{CCF0D832-3F46-4A75-B99F-B98ACB8683B0}.Ad-Hoc|Any CPU.Deploy.0 = Ad-Hoc|iPhone
		{CCF0D832-3F46-4A75-B99F-B98ACB8683B0}.Ad-Hoc|ARM.ActiveCfg = Ad-Hoc|iPhone
		{CCF0D832-3F46-4A75-B99F-B98ACB8683B0}.Ad-Hoc|ARM.Build.0 = Ad-Hoc|iPhone
		{CCF0D832-3F46-4A75-B99F-B98ACB8683B0}.Ad-Hoc|ARM.Deploy.0 = Ad-Hoc|iPhone
		{CCF0D832-3F46-4A75-B99F-B98ACB8683B0}.Ad-Hoc|iPhone.ActiveCfg = Ad-Hoc|iPhone
		{CCF0D832-3F46-4A75-B99F-B98ACB8683B0}.Ad-Hoc|iPhone.Build.0 = Ad-Hoc|iPhone
		{CCF0D832-3F46-4A75-B99F-B98ACB8683B0}.Ad-Hoc|iPhone.Deploy.0 = Ad-Hoc|iPhone
		{CCF0D832-3F46-4A75-B99F-B98ACB8683B0}.Ad-Hoc|iPhoneSimulator.ActiveCfg = Ad-Hoc|iPhoneSimulator
		{CCF0D832-3F46-4A75-B99F-B98ACB8683B0}.Ad-Hoc|iPhoneSimulator.Build.0 = Ad-Hoc|iPhoneSimulator
		{CCF0D832-3F46-4A75-B99F-B98ACB8683B0}.Ad-Hoc|iPhoneSimulator.Deploy.0 = Ad-Hoc|iPhoneSimulator
		{CCF0D832-3F46-4A75-B99F-B98ACB8683B0}.Ad-Hoc|x64.ActiveCfg = Ad-Hoc|iPhone
		{CCF0D832-3F46-4A75-B99F-B98ACB8683B0}.Ad-Hoc|x64.Build.0 = Ad-Hoc|iPhone
		{CCF0D832-3F46-4A75-B99F-B98ACB8683B0}.Ad-Hoc|x64.Deploy.0 = Ad-Hoc|iPhone
		{CCF0D832-3F46-4A75-B99F-B98ACB8683B0}.Ad-Hoc|x86.ActiveCfg = Ad-Hoc|iPhone
		{CCF0D832-3F46-4A75-B99F-B98ACB8683B0}.Ad-Hoc|x86.Build.0 = Ad-Hoc|iPhone
		{CCF0D832-3F46-4A75-B99F-B98ACB8683B0}.Ad-Hoc|x86.Deploy.0 = Ad-Hoc|iPhone
		{CCF0D832-3F46-4A75-B99F-B98ACB8683B0}.AppStore|Any CPU.ActiveCfg = AppStore|iPhone
		{CCF0D832-3F46-4A75-B99F-B98ACB8683B0}.AppStore|Any CPU.Build.0 = AppStore|iPhone
		{CCF0D832-3F46-4A75-B99F-B98ACB8683B0}.AppStore|Any CPU.Deploy.0 = AppStore|iPhone
		{CCF0D832-3F46-4A75-B99F-B98ACB8683B0}.AppStore|ARM.ActiveCfg = AppStore|iPhone
		{CCF0D832-3F46-4A75-B99F-B98ACB8683B0}.AppStore|ARM.Build.0 = AppStore|iPhone
		{CCF0D832-3F46-4A75-B99F-B98ACB8683B0}.AppStore|ARM.Deploy.0 = AppStore|iPhone
		{CCF0D832-3F46-4A75-B99F-B98ACB8683B0}.AppStore|iPhone.ActiveCfg = AppStore|iPhone
		{CCF0D832-3F46-4A75-B99F-B98ACB8683B0}.AppStore|iPhone.Build.0 = AppStore|iPhone
		{CCF0D832-3F46-4A75-B99F-B98ACB8683B0}.AppStore|iPhone.Deploy.0 = AppStore|iPhone
		{CCF0D832-3F46-4A75-B99F-B98ACB8683B0}.AppStore|iPhoneSimulator.ActiveCfg = AppStore|iPhoneSimulator
		{CCF0D832-3F46-4A75-B99F-B98ACB8683B0}.AppStore|iPhoneSimulator.Build.0 = AppStore|iPhoneSimulator
		{CCF0D832-3F46-4A75-B99F-B98ACB8683B0}.AppStore|iPhoneSimulator.Deploy.0 = AppStore|iPhoneSimulator
		{CCF0D832-3F46-4A75-B99F-B98ACB8683B0}.AppStore|x64.ActiveCfg = AppStore|iPhone
		{CCF0D832-3F46-4A75-B99F-B98ACB8683B0}.AppStore|x64.Build.0 = AppStore|iPhone
		{CCF0D832-3F46-4A75-B99F-B98ACB8683B0}.AppStore|x64.Deploy.0 = AppStore|iPhone
		{CCF0D832-3F46-4A75-B99F-B98ACB8683B0}.AppStore|x86.ActiveCfg = AppStore|iPhone
		{CCF0D832-3F46-4A75-B99F-B98ACB8683B0}.AppStore|x86.Build.0 = AppStore|iPhone
		{CCF0D832-3F46-4A75-B99F-B98ACB8683B0}.AppStore|x86.Deploy.0 = AppStore|iPhone
		{CCF0D832-3F46-4A75-B99F-B98ACB8683B0}.Debug|Any CPU.ActiveCfg = Debug|iPhoneSimulator
		{CCF0D832-3F46-4A75-B99F-B98ACB8683B0}.Debug|Any CPU.Build.0 = Debug|iPhoneSimulator
		{CCF0D832-3F46-4A75-B99F-B98ACB8683B0}.Debug|Any CPU.Deploy.0 = Debug|iPhoneSimulator
		{CCF0D832-3F46-4A75-B99F-B98ACB8683B0}.Debug|ARM.ActiveCfg = Debug|iPhone
		{CCF0D832-3F46-4A75-B99F-B98ACB8683B0}.Debug|ARM.Build.0 = Debug|iPhone
		{CCF0D832-3F46-4A75-B99F-B98ACB8683B0}.Debug|ARM.Deploy.0 = Debug|iPhone
		{CCF0D832-3F46-4A75-B99F-B98ACB8683B0}.Debug|iPhone.ActiveCfg = Debug|iPhone
		{CCF0D832-3F46-4A75-B99F-B98ACB8683B0}.Debug|iPhone.Build.0 = Debug|iPhone
		{CCF0D832-3F46-4A75-B99F-B98ACB8683B0}.Debug|iPhone.Deploy.0 = Debug|iPhone
		{CCF0D832-3F46-4A75-B99F-B98ACB8683B0}.Debug|iPhoneSimulator.ActiveCfg = Debug|iPhoneSimulator
		{CCF0D832-3F46-4A75-B99F-B98ACB8683B0}.Debug|iPhoneSimulator.Build.0 = Debug|iPhoneSimulator
		{CCF0D832-3F46-4A75-B99F-B98ACB8683B0}.Debug|iPhoneSimulator.Deploy.0 = Debug|iPhoneSimulator
		{CCF0D832-3F46-4A75-B99F-B98ACB8683B0}.Debug|x64.ActiveCfg = Debug|iPhone
		{CCF0D832-3F46-4A75-B99F-B98ACB8683B0}.Debug|x64.Build.0 = Debug|iPhone
		{CCF0D832-3F46-4A75-B99F-B98ACB8683B0}.Debug|x64.Deploy.0 = Debug|iPhone
		{CCF0D832-3F46-4A75-B99F-B98ACB8683B0}.Debug|x86.ActiveCfg = Debug|iPhone
		{CCF0D832-3F46-4A75-B99F-B98ACB8683B0}.Debug|x86.Build.0 = Debug|iPhone
		{CCF0D832-3F46-4A75-B99F-B98ACB8683B0}.Debug|x86.Deploy.0 = Debug|iPhone
		{CCF0D832-3F46-4A75-B99F-B98ACB8683B0}.Release|Any CPU.ActiveCfg = Release|iPhone
		{CCF0D832-3F46-4A75-B99F-B98ACB8683B0}.Release|Any CPU.Build.0 = Release|iPhone
		{CCF0D832-3F46-4A75-B99F-B98ACB8683B0}.Release|Any CPU.Deploy.0 = Release|iPhone
		{CCF0D832-3F46-4A75-B99F-B98ACB8683B0}.Release|ARM.ActiveCfg = Release|iPhone
		{CCF0D832-3F46-4A75-B99F-B98ACB8683B0}.Release|ARM.Build.0 = Release|iPhone
		{CCF0D832-3F46-4A75-B99F-B98ACB8683B0}.Release|ARM.Deploy.0 = Release|iPhone
		{CCF0D832-3F46-4A75-B99F-B98ACB8683B0}.Release|iPhone.ActiveCfg = Release|iPhone
		{CCF0D832-3F46-4A75-B99F-B98ACB8683B0}.Release|iPhone.Build.0 = Release|iPhone
		{CCF0D832-3F46-4A75-B99F-B98ACB8683B0}.Release|iPhone.Deploy.0 = Release|iPhone
		{CCF0D832-3F46-4A75-B99F-B98ACB8683B0}.Release|iPhoneSimulator.ActiveCfg = Release|iPhoneSimulator
		{CCF0D832-3F46-4A75-B99F-B98ACB8683B0}.Release|iPhoneSimulator.Build.0 = Release|iPhoneSimulator
		{CCF0D832-3F46-4A75-B99F-B98ACB8683B0}.Release|iPhoneSimulator.Deploy.0 = Release|iPhoneSimulator
		{CCF0D832-3F46-4A75-B99F-B98ACB8683B0}.Release|x64.ActiveCfg = Release|iPhone
		{CCF0D832-3F46-4A75-B99F-B98ACB8683B0}.Release|x64.Build.0 = Release|iPhone
		{CCF0D832-3F46-4A75-B99F-B98ACB8683B0}.Release|x64.Deploy.0 = Release|iPhone
		{CCF0D832-3F46-4A75-B99F-B98ACB8683B0}.Release|x86.ActiveCfg = Release|iPhone
		{CCF0D832-3F46-4A75-B99F-B98ACB8683B0}.Release|x86.Build.0 = Release|iPhone
		{CCF0D832-3F46-4A75-B99F-B98ACB8683B0}.Release|x86.Deploy.0 = Release|iPhone
		{EA99EC3F-8E6A-410E-929C-13E1ACA915BF}.Ad-Hoc|Any CPU.ActiveCfg = Release|x86
		{EA99EC3F-8E6A-410E-929C-13E1ACA915BF}.Ad-Hoc|Any CPU.Build.0 = Release|x86
		{EA99EC3F-8E6A-410E-929C-13E1ACA915BF}.Ad-Hoc|Any CPU.Deploy.0 = Release|x86
		{EA99EC3F-8E6A-410E-929C-13E1ACA915BF}.Ad-Hoc|ARM.ActiveCfg = Release|ARM
		{EA99EC3F-8E6A-410E-929C-13E1ACA915BF}.Ad-Hoc|ARM.Build.0 = Release|ARM
		{EA99EC3F-8E6A-410E-929C-13E1ACA915BF}.Ad-Hoc|ARM.Deploy.0 = Release|ARM
		{EA99EC3F-8E6A-410E-929C-13E1ACA915BF}.Ad-Hoc|iPhone.ActiveCfg = Release|x86
		{EA99EC3F-8E6A-410E-929C-13E1ACA915BF}.Ad-Hoc|iPhone.Build.0 = Release|x86
		{EA99EC3F-8E6A-410E-929C-13E1ACA915BF}.Ad-Hoc|iPhone.Deploy.0 = Release|x86
		{EA99EC3F-8E6A-410E-929C-13E1ACA915BF}.Ad-Hoc|iPhoneSimulator.ActiveCfg = Release|x86
		{EA99EC3F-8E6A-410E-929C-13E1ACA915BF}.Ad-Hoc|iPhoneSimulator.Build.0 = Release|x86
		{EA99EC3F-8E6A-410E-929C-13E1ACA915BF}.Ad-Hoc|iPhoneSimulator.Deploy.0 = Release|x86
		{EA99EC3F-8E6A-410E-929C-13E1ACA915BF}.Ad-Hoc|x64.ActiveCfg = Release|x64
		{EA99EC3F-8E6A-410E-929C-13E1ACA915BF}.Ad-Hoc|x64.Build.0 = Release|x64
		{EA99EC3F-8E6A-410E-929C-13E1ACA915BF}.Ad-Hoc|x64.Deploy.0 = Release|x64
		{EA99EC3F-8E6A-410E-929C-13E1ACA915BF}.Ad-Hoc|x86.ActiveCfg = Release|x86
		{EA99EC3F-8E6A-410E-929C-13E1ACA915BF}.Ad-Hoc|x86.Build.0 = Release|x86
		{EA99EC3F-8E6A-410E-929C-13E1ACA915BF}.Ad-Hoc|x86.Deploy.0 = Release|x86
		{EA99EC3F-8E6A-410E-929C-13E1ACA915BF}.AppStore|Any CPU.ActiveCfg = Release|x86
		{EA99EC3F-8E6A-410E-929C-13E1ACA915BF}.AppStore|Any CPU.Build.0 = Release|x86
		{EA99EC3F-8E6A-410E-929C-13E1ACA915BF}.AppStore|Any CPU.Deploy.0 = Release|x86
		{EA99EC3F-8E6A-410E-929C-13E1ACA915BF}.AppStore|ARM.ActiveCfg = Release|ARM
		{EA99EC3F-8E6A-410E-929C-13E1ACA915BF}.AppStore|ARM.Build.0 = Release|ARM
		{EA99EC3F-8E6A-410E-929C-13E1ACA915BF}.AppStore|ARM.Deploy.0 = Release|ARM
		{EA99EC3F-8E6A-410E-929C-13E1ACA915BF}.AppStore|iPhone.ActiveCfg = Release|x86
		{EA99EC3F-8E6A-410E-929C-13E1ACA915BF}.AppStore|iPhone.Build.0 = Release|x86
		{EA99EC3F-8E6A-410E-929C-13E1ACA915BF}.AppStore|iPhone.Deploy.0 = Release|x86
		{EA99EC3F-8E6A-410E-929C-13E1ACA915BF}.AppStore|iPhoneSimulator.ActiveCfg = Release|x86
		{EA99EC3F-8E6A-410E-929C-13E1ACA915BF}.AppStore|iPhoneSimulator.Build.0 = Release|x86
		{EA99EC3F-8E6A-410E-929C-13E1ACA915BF}.AppStore|iPhoneSimulator.Deploy.0 = Release|x86
		{EA99EC3F-8E6A-410E-929C-13E1ACA915BF}.AppStore|x64.ActiveCfg = Release|x64
		{EA99EC3F-8E6A-410E-929C-13E1ACA915BF}.AppStore|x64.Build.0 = Release|x64
		{EA99EC3F-8E6A-410E-929C-13E1ACA915BF}.AppStore|x64.Deploy.0 = Release|x64
		{EA99EC3F-8E6A-410E-929C-13E1ACA915BF}.AppStore|x86.ActiveCfg = Release|x86
		{EA99EC3F-8E6A-410E-929C-13E1ACA915BF}.AppStore|x86.Build.0 = Release|x86
		{EA99EC3F-8E6A-410E-929C-13E1ACA915BF}.AppStore|x86.Deploy.0 = Release|x86
		{EA99EC3F-8E6A-410E-929C-13E1ACA915BF}.Debug|Any CPU.ActiveCfg = Debug|x86
		{EA99EC3F-8E6A-410E-929C-13E1ACA915BF}.Debug|Any CPU.Build.0 = Debug|x86
		{EA99EC3F-8E6A-410E-929C-13E1ACA915BF}.Debug|Any CPU.Deploy.0 = Debug|x86
		{EA99EC3F-8E6A-410E-929C-13E1ACA915BF}.Debug|ARM.ActiveCfg = Debug|ARM
		{EA99EC3F-8E6A-410E-929C-13E1ACA915BF}.Debug|ARM.Build.0 = Debug|ARM
		{EA99EC3F-8E6A-410E-929C-13E1ACA915BF}.Debug|ARM.Deploy.0 = Debug|ARM
		{EA99EC3F-8E6A-410E-929C-13E1ACA915BF}.Debug|iPhone.ActiveCfg = Debug|x86
		{EA99EC3F-8E6A-410E-929C-13E1ACA915BF}.Debug|iPhone.Build.0 = Debug|x86
		{EA99EC3F-8E6A-410E-929C-13E1ACA915BF}.Debug|iPhone.Deploy.0 = Debug|x86
		{EA99EC3F-8E6A-410E-929C-13E1ACA915BF}.Debug|iPhoneSimulator.ActiveCfg = Debug|x86
		{EA99EC3F-8E6A-410E-929C-13E1ACA915BF}.Debug|iPhoneSimulator.Build.0 = Debug|x86
		{EA99EC3F-8E6A-410E-929C-13E1ACA915BF}.Debug|iPhoneSimulator.Deploy.0 = Debug|x86
		{EA99EC3F-8E6A-410E-929C-13E1ACA915BF}.Debug|x64.ActiveCfg = Debug|x64
		{EA99EC3F-8E6A-410E-929C-13E1ACA915BF}.Debug|x64.Build.0 = Debug|x64
		{EA99EC3F-8E6A-410E-929C-13E1ACA915BF}.Debug|x64.Deploy.0 = Debug|x64
		{EA99EC3F-8E6A-410E-929C-13E1ACA915BF}.Debug|x86.ActiveCfg = Debug|x86
		{EA99EC3F-8E6A-410E-929C-13E1ACA915BF}.Debug|x86.Build.0 = Debug|x86
		{EA99EC3F-8E6A-410E-929C-13E1ACA915BF}.Debug|x86.Deploy.0 = Debug|x86
		{EA99EC3F-8E6A-410E-929C-13E1ACA915BF}.Release|Any CPU.ActiveCfg = Release|x86
		{EA99EC3F-8E6A-410E-929C-13E1ACA915BF}.Release|Any CPU.Build.0 = Release|x86
		{EA99EC3F-8E6A-410E-929C-13E1ACA915BF}.Release|Any CPU.Deploy.0 = Release|x86
		{EA99EC3F-8E6A-410E-929C-13E1ACA915BF}.Release|ARM.ActiveCfg = Release|ARM
		{EA99EC3F-8E6A-410E-929C-13E1ACA915BF}.Release|ARM.Build.0 = Release|ARM
		{EA99EC3F-8E6A-410E-929C-13E1ACA915BF}.Release|ARM.Deploy.0 = Release|ARM
		{EA99EC3F-8E6A-410E-929C-13E1ACA915BF}.Release|iPhone.ActiveCfg = Release|x86
		{EA99EC3F-8E6A-410E-929C-13E1ACA915BF}.Release|iPhone.Build.0 = Release|x86
		{EA99EC3F-8E6A-410E-929C-13E1ACA915BF}.Release|iPhone.Deploy.0 = Release|x86
		{EA99EC3F-8E6A-410E-929C-13E1ACA915BF}.Release|iPhoneSimulator.ActiveCfg = Release|x86
		{EA99EC3F-8E6A-410E-929C-13E1ACA915BF}.Release|iPhoneSimulator.Build.0 = Release|x86
		{EA99EC3F-8E6A-410E-929C-13E1ACA915BF}.Release|iPhoneSimulator.Deploy.0 = Release|x86
		{EA99EC3F-8E6A-410E-929C-13E1ACA915BF}.Release|x64.ActiveCfg = Release|x64
		{EA99EC3F-8E6A-410E-929C-13E1ACA915BF}.Release|x64.Build.0 = Release|x64
		{EA99EC3F-8E6A-410E-929C-13E1ACA915BF}.Release|x64.Deploy.0 = Release|x64
		{EA99EC3F-8E6A-410E-929C-13E1ACA915BF}.Release|x86.ActiveCfg = Release|x86
		{EA99EC3F-8E6A-410E-929C-13E1ACA915BF}.Release|x86.Build.0 = Release|x86
		{EA99EC3F-8E6A-410E-929C-13E1ACA915BF}.Release|x86.Deploy.0 = Release|x86
		{D321DA82-A59A-4F33-9953-CA9E0463FB25}.Ad-Hoc|Any CPU.ActiveCfg = Debug|Any CPU
		{D321DA82-A59A-4F33-9953-CA9E0463FB25}.Ad-Hoc|Any CPU.Build.0 = Debug|Any CPU
		{D321DA82-A59A-4F33-9953-CA9E0463FB25}.Ad-Hoc|Any CPU.Deploy.0 = Debug|Any CPU
		{D321DA82-A59A-4F33-9953-CA9E0463FB25}.Ad-Hoc|ARM.ActiveCfg = Debug|Any CPU
		{D321DA82-A59A-4F33-9953-CA9E0463FB25}.Ad-Hoc|ARM.Build.0 = Debug|Any CPU
		{D321DA82-A59A-4F33-9953-CA9E0463FB25}.Ad-Hoc|ARM.Deploy.0 = Debug|Any CPU
		{D321DA82-A59A-4F33-9953-CA9E0463FB25}.Ad-Hoc|iPhone.ActiveCfg = Debug|Any CPU
		{D321DA82-A59A-4F33-9953-CA9E0463FB25}.Ad-Hoc|iPhone.Build.0 = Debug|Any CPU
		{D321DA82-A59A-4F33-9953-CA9E0463FB25}.Ad-Hoc|iPhone.Deploy.0 = Debug|Any CPU
		{D321DA82-A59A-4F33-9953-CA9E0463FB25}.Ad-Hoc|iPhoneSimulator.ActiveCfg = Debug|Any CPU
		{D321DA82-A59A-4F33-9953-CA9E0463FB25}.Ad-Hoc|iPhoneSimulator.Build.0 = Debug|Any CPU
		{D321DA82-A59A-4F33-9953-CA9E0463FB25}.Ad-Hoc|iPhoneSimulator.Deploy.0 = Debug|Any CPU
		{D321DA82-A59A-4F33-9953-CA9E0463FB25}.Ad-Hoc|x64.ActiveCfg = Debug|Any CPU
		{D321DA82-A59A-4F33-9953-CA9E0463FB25}.Ad-Hoc|x64.Build.0 = Debug|Any CPU
		{D321DA82-A59A-4F33-9953-CA9E0463FB25}.Ad-Hoc|x64.Deploy.0 = Debug|Any CPU
		{D321DA82-A59A-4F33-9953-CA9E0463FB25}.Ad-Hoc|x86.ActiveCfg = Debug|Any CPU
		{D321DA82-A59A-4F33-9953-CA9E0463FB25}.Ad-Hoc|x86.Build.0 = Debug|Any CPU
		{D321DA82-A59A-4F33-9953-CA9E0463FB25}.Ad-Hoc|x86.Deploy.0 = Debug|Any CPU
		{D321DA82-A59A-4F33-9953-CA9E0463FB25}.AppStore|Any CPU.ActiveCfg = Debug|Any CPU
		{D321DA82-A59A-4F33-9953-CA9E0463FB25}.AppStore|Any CPU.Build.0 = Debug|Any CPU
		{D321DA82-A59A-4F33-9953-CA9E0463FB25}.AppStore|Any CPU.Deploy.0 = Debug|Any CPU
		{D321DA82-A59A-4F33-9953-CA9E0463FB25}.AppStore|ARM.ActiveCfg = Debug|Any CPU
		{D321DA82-A59A-4F33-9953-CA9E0463FB25}.AppStore|ARM.Build.0 = Debug|Any CPU
		{D321DA82-A59A-4F33-9953-CA9E0463FB25}.AppStore|ARM.Deploy.0 = Debug|Any CPU
		{D321DA82-A59A-4F33-9953-CA9E0463FB25}.AppStore|iPhone.ActiveCfg = Debug|Any CPU
		{D321DA82-A59A-4F33-9953-CA9E0463FB25}.AppStore|iPhone.Build.0 = Debug|Any CPU
		{D321DA82-A59A-4F33-9953-CA9E0463FB25}.AppStore|iPhone.Deploy.0 = Debug|Any CPU
		{D321DA82-A59A-4F33-9953-CA9E0463FB25}.AppStore|iPhoneSimulator.ActiveCfg = Debug|Any CPU
		{D321DA82-A59A-4F33-9953-CA9E0463FB25}.AppStore|iPhoneSimulator.Build.0 = Debug|Any CPU
		{D321DA82-A59A-4F33-9953-CA9E0463FB25}.AppStore|iPhoneSimulator.Deploy.0 = Debug|Any CPU
		{D321DA82-A59A-4F33-9953-CA9E0463FB25}.AppStore|x64.ActiveCfg = Debug|Any CPU
		{D321DA82-A59A-4F33-9953-CA9E0463FB25}.AppStore|x64.Build.0 = Debug|Any CPU
		{D321DA82-A59A-4F33-9953-CA9E0463FB25}.AppStore|x64.Deploy.0 = Debug|Any CPU
		{D321DA82-A59A-4F33-9953-CA9E0463FB25}.AppStore|x86.ActiveCfg = Debug|Any CPU
		{D321DA82-A59A-4F33-9953-CA9E0463FB25}.AppStore|x86.Build.0 = Debug|Any CPU
		{D321DA82-A59A-4F33-9953-CA9E0463FB25}.AppStore|x86.Deploy.0 = Debug|Any CPU
		{D321DA82-A59A-4F33-9953-CA9E0463FB25}.Debug|Any CPU.ActiveCfg = Debug|Any CPU
		{D321DA82-A59A-4F33-9953-CA9E0463FB25}.Debug|Any CPU.Build.0 = Debug|Any CPU
		{D321DA82-A59A-4F33-9953-CA9E0463FB25}.Debug|Any CPU.Deploy.0 = Debug|Any CPU
		{D321DA82-A59A-4F33-9953-CA9E0463FB25}.Debug|ARM.ActiveCfg = Debug|Any CPU
		{D321DA82-A59A-4F33-9953-CA9E0463FB25}.Debug|ARM.Build.0 = Debug|Any CPU
		{D321DA82-A59A-4F33-9953-CA9E0463FB25}.Debug|ARM.Deploy.0 = Debug|Any CPU
		{D321DA82-A59A-4F33-9953-CA9E0463FB25}.Debug|iPhone.ActiveCfg = Debug|Any CPU
		{D321DA82-A59A-4F33-9953-CA9E0463FB25}.Debug|iPhone.Build.0 = Debug|Any CPU
		{D321DA82-A59A-4F33-9953-CA9E0463FB25}.Debug|iPhone.Deploy.0 = Debug|Any CPU
		{D321DA82-A59A-4F33-9953-CA9E0463FB25}.Debug|iPhoneSimulator.ActiveCfg = Debug|Any CPU
		{D321DA82-A59A-4F33-9953-CA9E0463FB25}.Debug|iPhoneSimulator.Build.0 = Debug|Any CPU
		{D321DA82-A59A-4F33-9953-CA9E0463FB25}.Debug|iPhoneSimulator.Deploy.0 = Debug|Any CPU
		{D321DA82-A59A-4F33-9953-CA9E0463FB25}.Debug|x64.ActiveCfg = Debug|Any CPU
		{D321DA82-A59A-4F33-9953-CA9E0463FB25}.Debug|x64.Build.0 = Debug|Any CPU
		{D321DA82-A59A-4F33-9953-CA9E0463FB25}.Debug|x64.Deploy.0 = Debug|Any CPU
		{D321DA82-A59A-4F33-9953-CA9E0463FB25}.Debug|x86.ActiveCfg = Debug|Any CPU
		{D321DA82-A59A-4F33-9953-CA9E0463FB25}.Debug|x86.Build.0 = Debug|Any CPU
		{D321DA82-A59A-4F33-9953-CA9E0463FB25}.Debug|x86.Deploy.0 = Debug|Any CPU
		{D321DA82-A59A-4F33-9953-CA9E0463FB25}.Release|Any CPU.ActiveCfg = Release|Any CPU
		{D321DA82-A59A-4F33-9953-CA9E0463FB25}.Release|Any CPU.Build.0 = Release|Any CPU
		{D321DA82-A59A-4F33-9953-CA9E0463FB25}.Release|Any CPU.Deploy.0 = Release|Any CPU
		{D321DA82-A59A-4F33-9953-CA9E0463FB25}.Release|ARM.ActiveCfg = Release|Any CPU
		{D321DA82-A59A-4F33-9953-CA9E0463FB25}.Release|ARM.Build.0 = Release|Any CPU
		{D321DA82-A59A-4F33-9953-CA9E0463FB25}.Release|ARM.Deploy.0 = Release|Any CPU
		{D321DA82-A59A-4F33-9953-CA9E0463FB25}.Release|iPhone.ActiveCfg = Release|Any CPU
		{D321DA82-A59A-4F33-9953-CA9E0463FB25}.Release|iPhone.Build.0 = Release|Any CPU
		{D321DA82-A59A-4F33-9953-CA9E0463FB25}.Release|iPhone.Deploy.0 = Release|Any CPU
		{D321DA82-A59A-4F33-9953-CA9E0463FB25}.Release|iPhoneSimulator.ActiveCfg = Release|Any CPU
		{D321DA82-A59A-4F33-9953-CA9E0463FB25}.Release|iPhoneSimulator.Build.0 = Release|Any CPU
		{D321DA82-A59A-4F33-9953-CA9E0463FB25}.Release|iPhoneSimulator.Deploy.0 = Release|Any CPU
		{D321DA82-A59A-4F33-9953-CA9E0463FB25}.Release|x64.ActiveCfg = Release|Any CPU
		{D321DA82-A59A-4F33-9953-CA9E0463FB25}.Release|x64.Build.0 = Release|Any CPU
		{D321DA82-A59A-4F33-9953-CA9E0463FB25}.Release|x64.Deploy.0 = Release|Any CPU
		{D321DA82-A59A-4F33-9953-CA9E0463FB25}.Release|x86.ActiveCfg = Release|Any CPU
		{D321DA82-A59A-4F33-9953-CA9E0463FB25}.Release|x86.Build.0 = Release|Any CPU
		{D321DA82-A59A-4F33-9953-CA9E0463FB25}.Release|x86.Deploy.0 = Release|Any CPU
	EndGlobalSection
	GlobalSection(SolutionProperties) = preSolution
		HideSolutionNode = FALSE
	EndGlobalSection
	GlobalSection(ExtensibilityGlobals) = postSolution
		SolutionGuid = {F8B3A7EF-6F25-4950-AF4B-130F8131204A}
	EndGlobalSection
EndGlobal
